// !$*UTF8*$!
{
	archiveVersion = 1;
	classes = {
	};
	objectVersion = 77;
	objects = {

/* Begin PBXBuildFile section */
		27793F8A2D7D96380065917F /* Config.swift in Sources */ = {isa = PBXBuildFile; fileRef = 27793F892D7D962F0065917F /* Config.swift */; };
/* End PBXBuildFile section */

/* Begin PBXContainerItemProxy section */
		27EBF2FF2D1C0CFA0089FEC2 /* PBXContainerItemProxy */ = {
			isa = PBXContainerItemProxy;
			containerPortal = 27EBF2E62D1C0CF60089FEC2 /* Project object */;
			proxyType = 1;
			remoteGlobalIDString = 27EBF2ED2D1C0CF60089FEC2;
			remoteInfo = UH;
		};
		27EBF3092D1C0CFA0089FEC2 /* PBXContainerItemProxy */ = {
			isa = PBXContainerItemProxy;
			containerPortal = 27EBF2E62D1C0CF60089FEC2 /* Project object */;
			proxyType = 1;
			remoteGlobalIDString = 27EBF2ED2D1C0CF60089FEC2;
			remoteInfo = UH;
		};
/* End PBXContainerItemProxy section */

/* Begin PBXFileReference section */
		27793F892D7D962F0065917F /* Config.swift */ = {isa = PBXFileReference; lastKnownFileType = sourcecode.swift; path = Config.swift; sourceTree = "<group>"; };
		27EBF2EE2D1C0CF60089FEC2 /* UH.app */ = {isa = PBXFileReference; explicitFileType = wrapper.application; includeInIndex = 0; path = UH.app; sourceTree = BUILT_PRODUCTS_DIR; };
		27EBF2FE2D1C0CFA0089FEC2 /* UHTests.xctest */ = {isa = PBXFileReference; explicitFileType = wrapper.cfbundle; includeInIndex = 0; path = UHTests.xctest; sourceTree = BUILT_PRODUCTS_DIR; };
		27EBF3082D1C0CFA0089FEC2 /* UHUITests.xctest */ = {isa = PBXFileReference; explicitFileType = wrapper.cfbundle; includeInIndex = 0; path = UHUITests.xctest; sourceTree = BUILT_PRODUCTS_DIR; };
/* End PBXFileReference section */

/* Begin PBXFileSystemSynchronizedRootGroup section */
		27EBF2F02D1C0CF60089FEC2 /* UH */ = {
			isa = PBXFileSystemSynchronizedRootGroup;
			path = UH;
			sourceTree = "<group>";
		};
		27EBF3012D1C0CFA0089FEC2 /* UHTests */ = {
			isa = PBXFileSystemSynchronizedRootGroup;
			path = UHTests;
			sourceTree = "<group>";
		};
		27EBF30B2D1C0CFA0089FEC2 /* UHUITests */ = {
			isa = PBXFileSystemSynchronizedRootGroup;
			path = UHUITests;
			sourceTree = "<group>";
		};
/* End PBXFileSystemSynchronizedRootGroup section */

/* Begin PBXFrameworksBuildPhase section */
		27EBF2EB2D1C0CF60089FEC2 /* Frameworks */ = {
			isa = PBXFrameworksBuildPhase;
			buildActionMask = 2147483647;
			files = (
			);
			runOnlyForDeploymentPostprocessing = 0;
		};
		27EBF2FB2D1C0CFA0089FEC2 /* Frameworks */ = {
			isa = PBXFrameworksBuildPhase;
			buildActionMask = 2147483647;
			files = (
			);
			runOnlyForDeploymentPostprocessing = 0;
		};
		27EBF3052D1C0CFA0089FEC2 /* Frameworks */ = {
			isa = PBXFrameworksBuildPhase;
			buildActionMask = 2147483647;
			files = (
			);
			runOnlyForDeploymentPostprocessing = 0;
		};
/* End PBXFrameworksBuildPhase section */

/* Begin PBXGroup section */
		27EBF2E52D1C0CF60089FEC2 = {
			isa = PBXGroup;
			children = (
				27EBF2F02D1C0CF60089FEC2 /* UH */,
				27EBF3012D1C0CFA0089FEC2 /* UHTests */,
				27EBF30B2D1C0CFA0089FEC2 /* UHUITests */,
				27EBF2EF2D1C0CF60089FEC2 /* Products */,
				27793F892D7D962F0065917F /* Config.swift */,
			);
			sourceTree = "<group>";
		};
		27EBF2EF2D1C0CF60089FEC2 /* Products */ = {
			isa = PBXGroup;
			children = (
				27EBF2EE2D1C0CF60089FEC2 /* UH.app */,
				27EBF2FE2D1C0CFA0089FEC2 /* UHTests.xctest */,
				27EBF3082D1C0CFA0089FEC2 /* UHUITests.xctest */,
			);
			name = Products;
			sourceTree = "<group>";
		};
/* End PBXGroup section */

/* Begin PBXNativeTarget section */
		27EBF2ED2D1C0CF60089FEC2 /* UH */ = {
			isa = PBXNativeTarget;
			buildConfigurationList = 27EBF3122D1C0CFA0089FEC2 /* Build configuration list for PBXNativeTarget "UH" */;
			buildPhases = (
				27EBF2EA2D1C0CF60089FEC2 /* Sources */,
				27EBF2EB2D1C0CF60089FEC2 /* Frameworks */,
				27EBF2EC2D1C0CF60089FEC2 /* Resources */,
			);
			buildRules = (
			);
			dependencies = (
			);
			fileSystemSynchronizedGroups = (
				27EBF2F02D1C0CF60089FEC2 /* UH */,
			);
			name = UH;
			packageProductDependencies = (
			);
			productName = UH;
			productReference = 27EBF2EE2D1C0CF60089FEC2 /* UH.app */;
			productType = "com.apple.product-type.application";
		};
		27EBF2FD2D1C0CFA0089FEC2 /* UHTests */ = {
			isa = PBXNativeTarget;
			buildConfigurationList = 27EBF3152D1C0CFA0089FEC2 /* Build configuration list for PBXNativeTarget "UHTests" */;
			buildPhases = (
				27EBF2FA2D1C0CFA0089FEC2 /* Sources */,
				27EBF2FB2D1C0CFA0089FEC2 /* Frameworks */,
				27EBF2FC2D1C0CFA0089FEC2 /* Resources */,
			);
			buildRules = (
			);
			dependencies = (
				27EBF3002D1C0CFA0089FEC2 /* PBXTargetDependency */,
			);
			fileSystemSynchronizedGroups = (
				27EBF3012D1C0CFA0089FEC2 /* UHTests */,
			);
			name = UHTests;
			packageProductDependencies = (
			);
			productName = UHTests;
			productReference = 27EBF2FE2D1C0CFA0089FEC2 /* UHTests.xctest */;
			productType = "com.apple.product-type.bundle.unit-test";
		};
		27EBF3072D1C0CFA0089FEC2 /* UHUITests */ = {
			isa = PBXNativeTarget;
			buildConfigurationList = 27EBF3182D1C0CFA0089FEC2 /* Build configuration list for PBXNativeTarget "UHUITests" */;
			buildPhases = (
				27EBF3042D1C0CFA0089FEC2 /* Sources */,
				27EBF3052D1C0CFA0089FEC2 /* Frameworks */,
				27EBF3062D1C0CFA0089FEC2 /* Resources */,
			);
			buildRules = (
			);
			dependencies = (
				27EBF30A2D1C0CFA0089FEC2 /* PBXTargetDependency */,
			);
			fileSystemSynchronizedGroups = (
				27EBF30B2D1C0CFA0089FEC2 /* UHUITests */,
			);
			name = UHUITests;
			packageProductDependencies = (
			);
			productName = UHUITests;
			productReference = 27EBF3082D1C0CFA0089FEC2 /* UHUITests.xctest */;
			productType = "com.apple.product-type.bundle.ui-testing";
		};
/* End PBXNativeTarget section */

/* Begin PBXProject section */
		27EBF2E62D1C0CF60089FEC2 /* Project object */ = {
			isa = PBXProject;
			attributes = {
				BuildIndependentTargetsInParallel = 1;
				LastSwiftUpdateCheck = 1620;
				LastUpgradeCheck = 1620;
				TargetAttributes = {
					27EBF2ED2D1C0CF60089FEC2 = {
						CreatedOnToolsVersion = 16.2;
					};
					27EBF2FD2D1C0CFA0089FEC2 = {
						CreatedOnToolsVersion = 16.2;
						TestTargetID = 27EBF2ED2D1C0CF60089FEC2;
					};
					27EBF3072D1C0CFA0089FEC2 = {
						CreatedOnToolsVersion = 16.2;
						TestTargetID = 27EBF2ED2D1C0CF60089FEC2;
					};
				};
			};
			buildConfigurationList = 27EBF2E92D1C0CF60089FEC2 /* Build configuration list for PBXProject "UH" */;
			developmentRegion = en;
			hasScannedForEncodings = 0;
			knownRegions = (
				en,
				Base,
			);
			mainGroup = 27EBF2E52D1C0CF60089FEC2;
			minimizedProjectReferenceProxies = 1;
			preferredProjectObjectVersion = 77;
			productRefGroup = 27EBF2EF2D1C0CF60089FEC2 /* Products */;
			projectDirPath = "";
			projectRoot = "";
			targets = (
				27EBF2ED2D1C0CF60089FEC2 /* UH */,
				27EBF2FD2D1C0CFA0089FEC2 /* UHTests */,
				27EBF3072D1C0CFA0089FEC2 /* UHUITests */,
			);
		};
/* End PBXProject section */

/* Begin PBXResourcesBuildPhase section */
		27EBF2EC2D1C0CF60089FEC2 /* Resources */ = {
			isa = PBXResourcesBuildPhase;
			buildActionMask = 2147483647;
			files = (
			);
			runOnlyForDeploymentPostprocessing = 0;
		};
		27EBF2FC2D1C0CFA0089FEC2 /* Resources */ = {
			isa = PBXResourcesBuildPhase;
			buildActionMask = 2147483647;
			files = (
			);
			runOnlyForDeploymentPostprocessing = 0;
		};
		27EBF3062D1C0CFA0089FEC2 /* Resources */ = {
			isa = PBXResourcesBuildPhase;
			buildActionMask = 2147483647;
			files = (
			);
			runOnlyForDeploymentPostprocessing = 0;
		};
/* End PBXResourcesBuildPhase section */

/* Begin PBXSourcesBuildPhase section */
		27EBF2EA2D1C0CF60089FEC2 /* Sources */ = {
			isa = PBXSourcesBuildPhase;
			buildActionMask = 2147483647;
			files = (
				27793F8A2D7D96380065917F /* Config.swift in Sources */,
			);
			runOnlyForDeploymentPostprocessing = 0;
		};
		27EBF2FA2D1C0CFA0089FEC2 /* Sources */ = {
			isa = PBXSourcesBuildPhase;
			buildActionMask = 2147483647;
			files = (
			);
			runOnlyForDeploymentPostprocessing = 0;
		};
		27EBF3042D1C0CFA0089FEC2 /* Sources */ = {
			isa = PBXSourcesBuildPhase;
			buildActionMask = 2147483647;
			files = (
			);
			runOnlyForDeploymentPostprocessing = 0;
		};
/* End PBXSourcesBuildPhase section */

/* Begin PBXTargetDependency section */
		27EBF3002D1C0CFA0089FEC2 /* PBXTargetDependency */ = {
			isa = PBXTargetDependency;
			target = 27EBF2ED2D1C0CF60089FEC2 /* UH */;
			targetProxy = 27EBF2FF2D1C0CFA0089FEC2 /* PBXContainerItemProxy */;
		};
		27EBF30A2D1C0CFA0089FEC2 /* PBXTargetDependency */ = {
			isa = PBXTargetDependency;
			target = 27EBF2ED2D1C0CF60089FEC2 /* UH */;
			targetProxy = 27EBF3092D1C0CFA0089FEC2 /* PBXContainerItemProxy */;
		};
/* End PBXTargetDependency section */

/* Begin XCBuildConfiguration section */
		27EBF3102D1C0CFA0089FEC2 /* Debug */ = {
			isa = XCBuildConfiguration;
			buildSettings = {
				ALWAYS_SEARCH_USER_PATHS = NO;
				ASSETCATALOG_COMPILER_GENERATE_SWIFT_ASSET_SYMBOL_EXTENSIONS = YES;
				CLANG_ANALYZER_NONNULL = YES;
				CLANG_ANALYZER_NUMBER_OBJECT_CONVERSION = YES_AGGRESSIVE;
				CLANG_CXX_LANGUAGE_STANDARD = "gnu++20";
				CLANG_ENABLE_MODULES = YES;
				CLANG_ENABLE_OBJC_ARC = YES;
				CLANG_ENABLE_OBJC_WEAK = YES;
				CLANG_WARN_BLOCK_CAPTURE_AUTORELEASING = YES;
				CLANG_WARN_BOOL_CONVERSION = YES;
				CLANG_WARN_COMMA = YES;
				CLANG_WARN_CONSTANT_CONVERSION = YES;
				CLANG_WARN_DEPRECATED_OBJC_IMPLEMENTATIONS = YES;
				CLANG_WARN_DIRECT_OBJC_ISA_USAGE = YES_ERROR;
				CLANG_WARN_DOCUMENTATION_COMMENTS = YES;
				CLANG_WARN_EMPTY_BODY = YES;
				CLANG_WARN_ENUM_CONVERSION = YES;
				CLANG_WARN_INFINITE_RECURSION = YES;
				CLANG_WARN_INT_CONVERSION = YES;
				CLANG_WARN_NON_LITERAL_NULL_CONVERSION = YES;
				CLANG_WARN_OBJC_IMPLICIT_RETAIN_SELF = YES;
				CLANG_WARN_OBJC_LITERAL_CONVERSION = YES;
				CLANG_WARN_OBJC_ROOT_CLASS = YES_ERROR;
				CLANG_WARN_QUOTED_INCLUDE_IN_FRAMEWORK_HEADER = YES;
				CLANG_WARN_RANGE_LOOP_ANALYSIS = YES;
				CLANG_WARN_STRICT_PROTOTYPES = YES;
				CLANG_WARN_SUSPICIOUS_MOVE = YES;
				CLANG_WARN_UNGUARDED_AVAILABILITY = YES_AGGRESSIVE;
				CLANG_WARN_UNREACHABLE_CODE = YES;
				CLANG_WARN__DUPLICATE_METHOD_MATCH = YES;
				COPY_PHASE_STRIP = NO;
				DEBUG_INFORMATION_FORMAT = dwarf;
				ENABLE_STRICT_OBJC_MSGSEND = YES;
				ENABLE_TESTABILITY = YES;
				ENABLE_USER_SCRIPT_SANDBOXING = YES;
				GCC_C_LANGUAGE_STANDARD = gnu17;
				GCC_DYNAMIC_NO_PIC = NO;
				GCC_NO_COMMON_BLOCKS = YES;
				GCC_OPTIMIZATION_LEVEL = 0;
				GCC_PREPROCESSOR_DEFINITIONS = (
					"DEBUG=1",
					"$(inherited)",
				);
				GCC_WARN_64_TO_32_BIT_CONVERSION = YES;
				GCC_WARN_ABOUT_RETURN_TYPE = YES_ERROR;
				GCC_WARN_UNDECLARED_SELECTOR = YES;
				GCC_WARN_UNINITIALIZED_AUTOS = YES_AGGRESSIVE;
				GCC_WARN_UNUSED_FUNCTION = YES;
				GCC_WARN_UNUSED_VARIABLE = YES;
				IPHONEOS_DEPLOYMENT_TARGET = 18.2;
				LOCALIZATION_PREFERS_STRING_CATALOGS = YES;
				MTL_ENABLE_DEBUG_INFO = INCLUDE_SOURCE;
				MTL_FAST_MATH = YES;
				ONLY_ACTIVE_ARCH = YES;
				SDKROOT = iphoneos;
				SWIFT_ACTIVE_COMPILATION_CONDITIONS = "DEBUG $(inherited)";
				SWIFT_OPTIMIZATION_LEVEL = "-Onone";
			};
			name = Debug;
		};
		27EBF3112D1C0CFA0089FEC2 /* Release */ = {
			isa = XCBuildConfiguration;
			buildSettings = {
				ALWAYS_SEARCH_USER_PATHS = NO;
				ASSETCATALOG_COMPILER_GENERATE_SWIFT_ASSET_SYMBOL_EXTENSIONS = YES;
				CLANG_ANALYZER_NONNULL = YES;
				CLANG_ANALYZER_NUMBER_OBJECT_CONVERSION = YES_AGGRESSIVE;
				CLANG_CXX_LANGUAGE_STANDARD = "gnu++20";
				CLANG_ENABLE_MODULES = YES;
				CLANG_ENABLE_OBJC_ARC = YES;
				CLANG_ENABLE_OBJC_WEAK = YES;
				CLANG_WARN_BLOCK_CAPTURE_AUTORELEASING = YES;
				CLANG_WARN_BOOL_CONVERSION = YES;
				CLANG_WARN_COMMA = YES;
				CLANG_WARN_CONSTANT_CONVERSION = YES;
				CLANG_WARN_DEPRECATED_OBJC_IMPLEMENTATIONS = YES;
				CLANG_WARN_DIRECT_OBJC_ISA_USAGE = YES_ERROR;
				CLANG_WARN_DOCUMENTATION_COMMENTS = YES;
				CLANG_WARN_EMPTY_BODY = YES;
				CLANG_WARN_ENUM_CONVERSION = YES;
				CLANG_WARN_INFINITE_RECURSION = YES;
				CLANG_WARN_INT_CONVERSION = YES;
				CLANG_WARN_NON_LITERAL_NULL_CONVERSION = YES;
				CLANG_WARN_OBJC_IMPLICIT_RETAIN_SELF = YES;
				CLANG_WARN_OBJC_LITERAL_CONVERSION = YES;
				CLANG_WARN_OBJC_ROOT_CLASS = YES_ERROR;
				CLANG_WARN_QUOTED_INCLUDE_IN_FRAMEWORK_HEADER = YES;
				CLANG_WARN_RANGE_LOOP_ANALYSIS = YES;
				CLANG_WARN_STRICT_PROTOTYPES = YES;
				CLANG_WARN_SUSPICIOUS_MOVE = YES;
				CLANG_WARN_UNGUARDED_AVAILABILITY = YES_AGGRESSIVE;
				CLANG_WARN_UNREACHABLE_CODE = YES;
				CLANG_WARN__DUPLICATE_METHOD_MATCH = YES;
				COPY_PHASE_STRIP = NO;
				DEBUG_INFORMATION_FORMAT = "dwarf-with-dsym";
				ENABLE_NS_ASSERTIONS = NO;
				ENABLE_STRICT_OBJC_MSGSEND = YES;
				ENABLE_USER_SCRIPT_SANDBOXING = YES;
				GCC_C_LANGUAGE_STANDARD = gnu17;
				GCC_NO_COMMON_BLOCKS = YES;
				GCC_WARN_64_TO_32_BIT_CONVERSION = YES;
				GCC_WARN_ABOUT_RETURN_TYPE = YES_ERROR;
				GCC_WARN_UNDECLARED_SELECTOR = YES;
				GCC_WARN_UNINITIALIZED_AUTOS = YES_AGGRESSIVE;
				GCC_WARN_UNUSED_FUNCTION = YES;
				GCC_WARN_UNUSED_VARIABLE = YES;
				IPHONEOS_DEPLOYMENT_TARGET = 18.2;
				LOCALIZATION_PREFERS_STRING_CATALOGS = YES;
				MTL_ENABLE_DEBUG_INFO = NO;
				MTL_FAST_MATH = YES;
				SDKROOT = iphoneos;
				SWIFT_COMPILATION_MODE = wholemodule;
				VALIDATE_PRODUCT = YES;
			};
			name = Release;
		};
		27EBF3132D1C0CFA0089FEC2 /* Debug */ = {
			isa = XCBuildConfiguration;
			buildSettings = {
				ASSETCATALOG_COMPILER_APPICON_NAME = AppIcon;
				ASSETCATALOG_COMPILER_GLOBAL_ACCENT_COLOR_NAME = AccentColor;
				CODE_SIGN_STYLE = Automatic;
				CURRENT_PROJECT_VERSION = 1;
				DEVELOPMENT_ASSET_PATHS = "\"UH/Preview Content\"";
				DEVELOPMENT_TEAM = KDZ432Y2UM;
				ENABLE_PREVIEWS = YES;
				GENERATE_INFOPLIST_FILE = YES;
				INFOPLIST_KEY_NSCalendarsUsageDescription = "Мы используем ваш календарь, чтобы показать события на день.";
				INFOPLIST_KEY_UIApplicationSceneManifest_Generation = YES;
				INFOPLIST_KEY_UIApplicationSupportsIndirectInputEvents = YES;
				INFOPLIST_KEY_UILaunchScreen_Generation = YES;
				INFOPLIST_KEY_UISupportedInterfaceOrientations_iPad = "UIInterfaceOrientationPortrait UIInterfaceOrientationPortraitUpsideDown UIInterfaceOrientationLandscapeLeft UIInterfaceOrientationLandscapeRight";
				INFOPLIST_KEY_UISupportedInterfaceOrientations_iPhone = "UIInterfaceOrientationPortrait UIInterfaceOrientationLandscapeLeft UIInterfaceOrientationLandscapeRight";
				IPHONEOS_DEPLOYMENT_TARGET = 16.6;
				LD_RUNPATH_SEARCH_PATHS = (
					"$(inherited)",
					"@executable_path/Frameworks",
				);
				MARKETING_VERSION = 1.0;
				PRODUCT_BUNDLE_IDENTIFIER = AVA.UH;
				PRODUCT_NAME = "$(TARGET_NAME)";
				SWIFT_EMIT_LOC_STRINGS = YES;
				SWIFT_VERSION = 5.0;
				TARGETED_DEVICE_FAMILY = "1,2";
			};
			name = Debug;
		};
		27EBF3142D1C0CFA0089FEC2 /* Release */ = {
			isa = XCBuildConfiguration;
			buildSettings = {
				ASSETCATALOG_COMPILER_APPICON_NAME = AppIcon;
				ASSETCATALOG_COMPILER_GLOBAL_ACCENT_COLOR_NAME = AccentColor;
				CODE_SIGN_STYLE = Automatic;
				CURRENT_PROJECT_VERSION = 1;
				DEVELOPMENT_ASSET_PATHS = "\"UH/Preview Content\"";
				DEVELOPMENT_TEAM = KDZ432Y2UM;
				ENABLE_PREVIEWS = YES;
				GENERATE_INFOPLIST_FILE = YES;
				INFOPLIST_KEY_NSCalendarsUsageDescription = "Мы используем ваш календарь, чтобы показать события на день.";
				INFOPLIST_KEY_UIApplicationSceneManifest_Generation = YES;
				INFOPLIST_KEY_UIApplicationSupportsIndirectInputEvents = YES;
				INFOPLIST_KEY_UILaunchScreen_Generation = YES;
				INFOPLIST_KEY_UISupportedInterfaceOrientations_iPad = "UIInterfaceOrientationPortrait UIInterfaceOrientationPortraitUpsideDown UIInterfaceOrientationLandscapeLeft UIInterfaceOrientationLandscapeRight";
				INFOPLIST_KEY_UISupportedInterfaceOrientations_iPhone = "UIInterfaceOrientationPortrait UIInterfaceOrientationLandscapeLeft UIInterfaceOrientationLandscapeRight";
				IPHONEOS_DEPLOYMENT_TARGET = 16.6;
				LD_RUNPATH_SEARCH_PATHS = (
					"$(inherited)",
					"@executable_path/Frameworks",
				);
				MARKETING_VERSION = 1.0;
				PRODUCT_BUNDLE_IDENTIFIER = AVA.UH;
				PRODUCT_NAME = "$(TARGET_NAME)";
				SWIFT_EMIT_LOC_STRINGS = YES;
				SWIFT_VERSION = 5.0;
				TARGETED_DEVICE_FAMILY = "1,2";
			};
			name = Release;
		};
		27EBF3162D1C0CFA0089FEC2 /* Debug */ = {
			isa = XCBuildConfiguration;
			buildSettings = {
				BUNDLE_LOADER = "$(TEST_HOST)";
				CODE_SIGN_STYLE = Automatic;
				CURRENT_PROJECT_VERSION = 1;
				GENERATE_INFOPLIST_FILE = YES;
				IPHONEOS_DEPLOYMENT_TARGET = 18.2;
				MARKETING_VERSION = 1.0;
				PRODUCT_BUNDLE_IDENTIFIER = AVA.UHTests;
				PRODUCT_NAME = "$(TARGET_NAME)";
				SWIFT_EMIT_LOC_STRINGS = NO;
				SWIFT_VERSION = 5.0;
				TARGETED_DEVICE_FAMILY = "1,2";
				TEST_HOST = "$(BUILT_PRODUCTS_DIR)/UH.app/$(BUNDLE_EXECUTABLE_FOLDER_PATH)/UH";
			};
			name = Debug;
		};
		27EBF3172D1C0CFA0089FEC2 /* Release */ = {
			isa = XCBuildConfiguration;
			buildSettings = {
				BUNDLE_LOADER = "$(TEST_HOST)";
				CODE_SIGN_STYLE = Automatic;
				CURRENT_PROJECT_VERSION = 1;
				GENERATE_INFOPLIST_FILE = YES;
				IPHONEOS_DEPLOYMENT_TARGET = 18.2;
				MARKETING_VERSION = 1.0;
				PRODUCT_BUNDLE_IDENTIFIER = AVA.UHTests;
				PRODUCT_NAME = "$(TARGET_NAME)";
				SWIFT_EMIT_LOC_STRINGS = NO;
				SWIFT_VERSION = 5.0;
				TARGETED_DEVICE_FAMILY = "1,2";
				TEST_HOST = "$(BUILT_PRODUCTS_DIR)/UH.app/$(BUNDLE_EXECUTABLE_FOLDER_PATH)/UH";
			};
			name = Release;
		};
		27EBF3192D1C0CFA0089FEC2 /* Debug */ = {
			isa = XCBuildConfiguration;
			buildSettings = {
				CODE_SIGN_STYLE = Automatic;
				CURRENT_PROJECT_VERSION = 1;
				GENERATE_INFOPLIST_FILE = YES;
				MARKETING_VERSION = 1.0;
				PRODUCT_BUNDLE_IDENTIFIER = AVA.UHUITests;
				PRODUCT_NAME = "$(TARGET_NAME)";
				SWIFT_EMIT_LOC_STRINGS = NO;
				SWIFT_VERSION = 5.0;
				TARGETED_DEVICE_FAMILY = "1,2";
				TEST_TARGET_NAME = UH;
			};
			name = Debug;
		};
		27EBF31A2D1C0CFA0089FEC2 /* Release */ = {
			isa = XCBuildConfiguration;
			buildSettings = {
				CODE_SIGN_STYLE = Automatic;
				CURRENT_PROJECT_VERSION = 1;
				GENERATE_INFOPLIST_FILE = YES;
				MARKETING_VERSION = 1.0;
				PRODUCT_BUNDLE_IDENTIFIER = AVA.UHUITests;
				PRODUCT_NAME = "$(TARGET_NAME)";
				SWIFT_EMIT_LOC_STRINGS = NO;
				SWIFT_VERSION = 5.0;
				TARGETED_DEVICE_FAMILY = "1,2";
				TEST_TARGET_NAME = UH;
			};
			name = Release;
		};
/* End XCBuildConfiguration section */

/* Begin XCConfigurationList section */
		27EBF2E92D1C0CF60089FEC2 /* Build configuration list for PBXProject "UH" */ = {
			isa = XCConfigurationList;
			buildConfigurations = (
				27EBF3102D1C0CFA0089FEC2 /* Debug */,
				27EBF3112D1C0CFA0089FEC2 /* Release */,
			);
			defaultConfigurationIsVisible = 0;
			defaultConfigurationName = Release;
		};
		27EBF3122D1C0CFA0089FEC2 /* Build configuration list for PBXNativeTarget "UH" */ = {
			isa = XCConfigurationList;
			buildConfigurations = (
				27EBF3132D1C0CFA0089FEC2 /* Debug */,
				27EBF3142D1C0CFA0089FEC2 /* Release */,
			);
			defaultConfigurationIsVisible = 0;
			defaultConfigurationName = Release;
		};
		27EBF3152D1C0CFA0089FEC2 /* Build configuration list for PBXNativeTarget "UHTests" */ = {
			isa = XCConfigurationList;
			buildConfigurations = (
				27EBF3162D1C0CFA0089FEC2 /* Debug */,
				27EBF3172D1C0CFA0089FEC2 /* Release */,
			);
			defaultConfigurationIsVisible = 0;
			defaultConfigurationName = Release;
		};
		27EBF3182D1C0CFA0089FEC2 /* Build configuration list for PBXNativeTarget "UHUITests" */ = {
			isa = XCConfigurationList;
			buildConfigurations = (
				27EBF3192D1C0CFA0089FEC2 /* Debug */,
				27EBF31A2D1C0CFA0089FEC2 /* Release */,
			);
			defaultConfigurationIsVisible = 0;
			defaultConfigurationName = Release;
		};
/* End XCConfigurationList section */
	};
	rootObject = 27EBF2E62D1C0CF60089FEC2 /* Project object */;
}
